
Microsoft Visual Studio Solution File, Format Version 12.00
# Visual Studio 15
VisualStudioVersion = 15.0.26124.0
MinimumVisualStudioVersion = 15.0.26124.0
Project("{2150E333-8FDC-42A3-9474-1A3956D46DE8}") = "src", "src", "{5CCF31EE-8E92-402B-A67B-66D50D9FFAD9}"
EndProject
Project("{FAE04EC0-301F-11D3-BF4B-00C04F79EFBC}") = "GTMSTS.Admin", "src\GTMSTS.Admin\GTMSTS.Admin.csproj", "{5E163BE7-DD74-4B1D-86E4-1FEA23C88D89}"
EndProject
Project("{FAE04EC0-301F-11D3-BF4B-00C04F79EFBC}") = "GTMSTS.STS.Identity", "src\GTMSTS.STS.Identity\GTMSTS.STS.Identity.csproj", "{DC3527B9-8725-4D16-8C3A-01C942AA1B31}"
EndProject
Project("{FAE04EC0-301F-11D3-BF4B-00C04F79EFBC}") = "GTMSTS.Admin.Api", "src\GTMSTS.Admin.Api\GTMSTS.Admin.Api.csproj", "{A0DFDB0F-45F7-4482-92BE-315A067C993B}"
EndProject
Project("{FAE04EC0-301F-11D3-BF4B-00C04F79EFBC}") = "GTMSTS.Admin.EntityFramework.Shared", "src\GTMSTS.Admin.EntityFramework.Shared\GTMSTS.Admin.EntityFramework.Shared.csproj", "{57DCD47C-6600-4F7C-BF6B-A69C93F6D7CF}"
EndProject
Project("{FAE04EC0-301F-11D3-BF4B-00C04F79EFBC}") = "GTMSTS.Admin.EntityFramework.MySql", "src\GTMSTS.Admin.EntityFramework.MySql\GTMSTS.Admin.EntityFramework.MySql.csproj", "{27DBBCC0-166A-46C4-87FB-B81ED6365464}"
EndProject
Project("{FAE04EC0-301F-11D3-BF4B-00C04F79EFBC}") = "GTMSTS.Admin.EntityFramework.PostgreSQL", "src\GTMSTS.Admin.EntityFramework.PostgreSQL\GTMSTS.Admin.EntityFramework.PostgreSQL.csproj", "{68DAB064-FB34-4236-94C2-37EFB63677D2}"
EndProject
Project("{FAE04EC0-301F-11D3-BF4B-00C04F79EFBC}") = "GTMSTS.Admin.EntityFramework.SqlServer", "src\GTMSTS.Admin.EntityFramework.SqlServer\GTMSTS.Admin.EntityFramework.SqlServer.csproj", "{845648AA-DED2-42EB-BEBF-8F91B47E9450}"
EndProject
Project("{FAE04EC0-301F-11D3-BF4B-00C04F79EFBC}") = "GTMSTS.Shared", "src\GTMSTS.Shared\GTMSTS.Shared.csproj", "{DEFD29C0-4FB3-49F8-A7EA-F643597A496C}"
EndProject
Global
	GlobalSection(SolutionConfigurationPlatforms) = preSolution
		Debug|Any CPU = Debug|Any CPU
		Debug|x64 = Debug|x64
		Debug|x86 = Debug|x86
		Release|Any CPU = Release|Any CPU
		Release|x64 = Release|x64
		Release|x86 = Release|x86
	EndGlobalSection
	GlobalSection(SolutionProperties) = preSolution
		HideSolutionNode = FALSE
	EndGlobalSection
	GlobalSection(ProjectConfigurationPlatforms) = postSolution
		{5E163BE7-DD74-4B1D-86E4-1FEA23C88D89}.Debug|Any CPU.ActiveCfg = Debug|Any CPU
		{5E163BE7-DD74-4B1D-86E4-1FEA23C88D89}.Debug|Any CPU.Build.0 = Debug|Any CPU
		{5E163BE7-DD74-4B1D-86E4-1FEA23C88D89}.Debug|x64.ActiveCfg = Debug|Any CPU
		{5E163BE7-DD74-4B1D-86E4-1FEA23C88D89}.Debug|x64.Build.0 = Debug|Any CPU
		{5E163BE7-DD74-4B1D-86E4-1FEA23C88D89}.Debug|x86.ActiveCfg = Debug|Any CPU
		{5E163BE7-DD74-4B1D-86E4-1FEA23C88D89}.Debug|x86.Build.0 = Debug|Any CPU
		{5E163BE7-DD74-4B1D-86E4-1FEA23C88D89}.Release|Any CPU.ActiveCfg = Release|Any CPU
		{5E163BE7-DD74-4B1D-86E4-1FEA23C88D89}.Release|Any CPU.Build.0 = Release|Any CPU
		{5E163BE7-DD74-4B1D-86E4-1FEA23C88D89}.Release|x64.ActiveCfg = Release|Any CPU
		{5E163BE7-DD74-4B1D-86E4-1FEA23C88D89}.Release|x64.Build.0 = Release|Any CPU
		{5E163BE7-DD74-4B1D-86E4-1FEA23C88D89}.Release|x86.ActiveCfg = Release|Any CPU
		{5E163BE7-DD74-4B1D-86E4-1FEA23C88D89}.Release|x86.Build.0 = Release|Any CPU
		{DC3527B9-8725-4D16-8C3A-01C942AA1B31}.Debug|Any CPU.ActiveCfg = Debug|Any CPU
		{DC3527B9-8725-4D16-8C3A-01C942AA1B31}.Debug|Any CPU.Build.0 = Debug|Any CPU
		{DC3527B9-8725-4D16-8C3A-01C942AA1B31}.Debug|x64.ActiveCfg = Debug|Any CPU
		{DC3527B9-8725-4D16-8C3A-01C942AA1B31}.Debug|x64.Build.0 = Debug|Any CPU
		{DC3527B9-8725-4D16-8C3A-01C942AA1B31}.Debug|x86.ActiveCfg = Debug|Any CPU
		{DC3527B9-8725-4D16-8C3A-01C942AA1B31}.Debug|x86.Build.0 = Debug|Any CPU
		{DC3527B9-8725-4D16-8C3A-01C942AA1B31}.Release|Any CPU.ActiveCfg = Release|Any CPU
		{DC3527B9-8725-4D16-8C3A-01C942AA1B31}.Release|Any CPU.Build.0 = Release|Any CPU
		{DC3527B9-8725-4D16-8C3A-01C942AA1B31}.Release|x64.ActiveCfg = Release|Any CPU
		{DC3527B9-8725-4D16-8C3A-01C942AA1B31}.Release|x64.Build.0 = Release|Any CPU
		{DC3527B9-8725-4D16-8C3A-01C942AA1B31}.Release|x86.ActiveCfg = Release|Any CPU
		{DC3527B9-8725-4D16-8C3A-01C942AA1B31}.Release|x86.Build.0 = Release|Any CPU
		{A0DFDB0F-45F7-4482-92BE-315A067C993B}.Debug|Any CPU.ActiveCfg = Debug|Any CPU
		{A0DFDB0F-45F7-4482-92BE-315A067C993B}.Debug|Any CPU.Build.0 = Debug|Any CPU
		{A0DFDB0F-45F7-4482-92BE-315A067C993B}.Debug|x64.ActiveCfg = Debug|Any CPU
		{A0DFDB0F-45F7-4482-92BE-315A067C993B}.Debug|x64.Build.0 = Debug|Any CPU
		{A0DFDB0F-45F7-4482-92BE-315A067C993B}.Debug|x86.ActiveCfg = Debug|Any CPU
		{A0DFDB0F-45F7-4482-92BE-315A067C993B}.Debug|x86.Build.0 = Debug|Any CPU
		{A0DFDB0F-45F7-4482-92BE-315A067C993B}.Release|Any CPU.ActiveCfg = Release|Any CPU
		{A0DFDB0F-45F7-4482-92BE-315A067C993B}.Release|Any CPU.Build.0 = Release|Any CPU
		{A0DFDB0F-45F7-4482-92BE-315A067C993B}.Release|x64.ActiveCfg = Release|Any CPU
		{A0DFDB0F-45F7-4482-92BE-315A067C993B}.Release|x64.Build.0 = Release|Any CPU
		{A0DFDB0F-45F7-4482-92BE-315A067C993B}.Release|x86.ActiveCfg = Release|Any CPU
		{A0DFDB0F-45F7-4482-92BE-315A067C993B}.Release|x86.Build.0 = Release|Any CPU
		{57DCD47C-6600-4F7C-BF6B-A69C93F6D7CF}.Debug|Any CPU.ActiveCfg = Debug|Any CPU
		{57DCD47C-6600-4F7C-BF6B-A69C93F6D7CF}.Debug|Any CPU.Build.0 = Debug|Any CPU
		{57DCD47C-6600-4F7C-BF6B-A69C93F6D7CF}.Debug|x64.ActiveCfg = Debug|Any CPU
		{57DCD47C-6600-4F7C-BF6B-A69C93F6D7CF}.Debug|x64.Build.0 = Debug|Any CPU
		{57DCD47C-6600-4F7C-BF6B-A69C93F6D7CF}.Debug|x86.ActiveCfg = Debug|Any CPU
		{57DCD47C-6600-4F7C-BF6B-A69C93F6D7CF}.Debug|x86.Build.0 = Debug|Any CPU
		{57DCD47C-6600-4F7C-BF6B-A69C93F6D7CF}.Release|Any CPU.ActiveCfg = Release|Any CPU
		{57DCD47C-6600-4F7C-BF6B-A69C93F6D7CF}.Release|Any CPU.Build.0 = Release|Any CPU
		{57DCD47C-6600-4F7C-BF6B-A69C93F6D7CF}.Release|x64.ActiveCfg = Release|Any CPU
		{57DCD47C-6600-4F7C-BF6B-A69C93F6D7CF}.Release|x64.Build.0 = Release|Any CPU
		{57DCD47C-6600-4F7C-BF6B-A69C93F6D7CF}.Release|x86.ActiveCfg = Release|Any CPU
		{57DCD47C-6600-4F7C-BF6B-A69C93F6D7CF}.Release|x86.Build.0 = Release|Any CPU
		{27DBBCC0-166A-46C4-87FB-B81ED6365464}.Debug|Any CPU.ActiveCfg = Debug|Any CPU
		{27DBBCC0-166A-46C4-87FB-B81ED6365464}.Debug|Any CPU.Build.0 = Debug|Any CPU
		{27DBBCC0-166A-46C4-87FB-B81ED6365464}.Debug|x64.ActiveCfg = Debug|Any CPU
		{27DBBCC0-166A-46C4-87FB-B81ED6365464}.Debug|x64.Build.0 = Debug|Any CPU
		{27DBBCC0-166A-46C4-87FB-B81ED6365464}.Debug|x86.ActiveCfg = Debug|Any CPU
		{27DBBCC0-166A-46C4-87FB-B81ED6365464}.Debug|x86.Build.0 = Debug|Any CPU
		{27DBBCC0-166A-46C4-87FB-B81ED6365464}.Release|Any CPU.ActiveCfg = Release|Any CPU
		{27DBBCC0-166A-46C4-87FB-B81ED6365464}.Release|Any CPU.Build.0 = Release|Any CPU
		{27DBBCC0-166A-46C4-87FB-B81ED6365464}.Release|x64.ActiveCfg = Release|Any CPU
		{27DBBCC0-166A-46C4-87FB-B81ED6365464}.Release|x64.Build.0 = Release|Any CPU
		{27DBBCC0-166A-46C4-87FB-B81ED6365464}.Release|x86.ActiveCfg = Release|Any CPU
		{27DBBCC0-166A-46C4-87FB-B81ED6365464}.Release|x86.Build.0 = Release|Any CPU
		{68DAB064-FB34-4236-94C2-37EFB63677D2}.Debug|Any CPU.ActiveCfg = Debug|Any CPU
		{68DAB064-FB34-4236-94C2-37EFB63677D2}.Debug|Any CPU.Build.0 = Debug|Any CPU
		{68DAB064-FB34-4236-94C2-37EFB63677D2}.Debug|x64.ActiveCfg = Debug|Any CPU
		{68DAB064-FB34-4236-94C2-37EFB63677D2}.Debug|x64.Build.0 = Debug|Any CPU
		{68DAB064-FB34-4236-94C2-37EFB63677D2}.Debug|x86.ActiveCfg = Debug|Any CPU
		{68DAB064-FB34-4236-94C2-37EFB63677D2}.Debug|x86.Build.0 = Debug|Any CPU
		{68DAB064-FB34-4236-94C2-37EFB63677D2}.Release|Any CPU.ActiveCfg = Release|Any CPU
		{68DAB064-FB34-4236-94C2-37EFB63677D2}.Release|Any CPU.Build.0 = Release|Any CPU
		{68DAB064-FB34-4236-94C2-37EFB63677D2}.Release|x64.ActiveCfg = Release|Any CPU
		{68DAB064-FB34-4236-94C2-37EFB63677D2}.Release|x64.Build.0 = Release|Any CPU
		{68DAB064-FB34-4236-94C2-37EFB63677D2}.Release|x86.ActiveCfg = Release|Any CPU
		{68DAB064-FB34-4236-94C2-37EFB63677D2}.Release|x86.Build.0 = Release|Any CPU
		{845648AA-DED2-42EB-BEBF-8F91B47E9450}.Debug|Any CPU.ActiveCfg = Debug|Any CPU
		{845648AA-DED2-42EB-BEBF-8F91B47E9450}.Debug|Any CPU.Build.0 = Debug|Any CPU
		{845648AA-DED2-42EB-BEBF-8F91B47E9450}.Debug|x64.ActiveCfg = Debug|Any CPU
		{845648AA-DED2-42EB-BEBF-8F91B47E9450}.Debug|x64.Build.0 = Debug|Any CPU
		{845648AA-DED2-42EB-BEBF-8F91B47E9450}.Debug|x86.ActiveCfg = Debug|Any CPU
		{845648AA-DED2-42EB-BEBF-8F91B47E9450}.Debug|x86.Build.0 = Debug|Any CPU
		{845648AA-DED2-42EB-BEBF-8F91B47E9450}.Release|Any CPU.ActiveCfg = Release|Any CPU
		{845648AA-DED2-42EB-BEBF-8F91B47E9450}.Release|Any CPU.Build.0 = Release|Any CPU
		{845648AA-DED2-42EB-BEBF-8F91B47E9450}.Release|x64.ActiveCfg = Release|Any CPU
		{845648AA-DED2-42EB-BEBF-8F91B47E9450}.Release|x64.Build.0 = Release|Any CPU
		{845648AA-DED2-42EB-BEBF-8F91B47E9450}.Release|x86.ActiveCfg = Release|Any CPU
		{845648AA-DED2-42EB-BEBF-8F91B47E9450}.Release|x86.Build.0 = Release|Any CPU
		{DEFD29C0-4FB3-49F8-A7EA-F643597A496C}.Debug|Any CPU.ActiveCfg = Debug|Any CPU
		{DEFD29C0-4FB3-49F8-A7EA-F643597A496C}.Debug|Any CPU.Build.0 = Debug|Any CPU
		{DEFD29C0-4FB3-49F8-A7EA-F643597A496C}.Debug|x64.ActiveCfg = Debug|Any CPU
		{DEFD29C0-4FB3-49F8-A7EA-F643597A496C}.Debug|x64.Build.0 = Debug|Any CPU
		{DEFD29C0-4FB3-49F8-A7EA-F643597A496C}.Debug|x86.ActiveCfg = Debug|Any CPU
		{DEFD29C0-4FB3-49F8-A7EA-F643597A496C}.Debug|x86.Build.0 = Debug|Any CPU
		{DEFD29C0-4FB3-49F8-A7EA-F643597A496C}.Release|Any CPU.ActiveCfg = Release|Any CPU
		{DEFD29C0-4FB3-49F8-A7EA-F643597A496C}.Release|Any CPU.Build.0 = Release|Any CPU
		{DEFD29C0-4FB3-49F8-A7EA-F643597A496C}.Release|x64.ActiveCfg = Release|Any CPU
		{DEFD29C0-4FB3-49F8-A7EA-F643597A496C}.Release|x64.Build.0 = Release|Any CPU
		{DEFD29C0-4FB3-49F8-A7EA-F643597A496C}.Release|x86.ActiveCfg = Release|Any CPU
		{DEFD29C0-4FB3-49F8-A7EA-F643597A496C}.Release|x86.Build.0 = Release|Any CPU
	EndGlobalSection
	GlobalSection(NestedProjects) = preSolution
		{5E163BE7-DD74-4B1D-86E4-1FEA23C88D89} = {5CCF31EE-8E92-402B-A67B-66D50D9FFAD9}
		{DC3527B9-8725-4D16-8C3A-01C942AA1B31} = {5CCF31EE-8E92-402B-A67B-66D50D9FFAD9}
		{A0DFDB0F-45F7-4482-92BE-315A067C993B} = {5CCF31EE-8E92-402B-A67B-66D50D9FFAD9}
		{57DCD47C-6600-4F7C-BF6B-A69C93F6D7CF} = {5CCF31EE-8E92-402B-A67B-66D50D9FFAD9}
		{27DBBCC0-166A-46C4-87FB-B81ED6365464} = {5CCF31EE-8E92-402B-A67B-66D50D9FFAD9}
		{68DAB064-FB34-4236-94C2-37EFB63677D2} = {5CCF31EE-8E92-402B-A67B-66D50D9FFAD9}
		{845648AA-DED2-42EB-BEBF-8F91B47E9450} = {5CCF31EE-8E92-402B-A67B-66D50D9FFAD9}
		{DEFD29C0-4FB3-49F8-A7EA-F643597A496C} = {5CCF31EE-8E92-402B-A67B-66D50D9FFAD9}
	EndGlobalSection
EndGlobal
